
Microsoft Visual Studio Solution File, Format Version 12.00
# Visual Studio Version 17
VisualStudioVersion = 17.9.34701.34
MinimumVisualStudioVersion = 10.0.40219.1
Project("{FAE04EC0-301F-11D3-BF4B-00C04F79EFBC}") = "ChatServer", "ChatServer.csproj", "{EC2E8B12-6E81-4E3A-96CC-AC5A678611BA}"
EndProject
Global
	GlobalSection(SolutionConfigurationPlatforms) = preSolution
		Debug|Any CPU = Debug|Any CPU
		Release|Any CPU = Release|Any CPU
	EndGlobalSection
	GlobalSection(ProjectConfigurationPlatforms) = postSolution
		{EC2E8B12-6E81-4E3A-96CC-AC5A678611BA}.Debug|Any CPU.ActiveCfg = Debug|Any CPU
		{EC2E8B12-6E81-4E3A-96CC-AC5A678611BA}.Debug|Any CPU.Build.0 = Debug|Any CPU
		{EC2E8B12-6E81-4E3A-96CC-AC5A678611BA}.Release|Any CPU.ActiveCfg = Release|Any CPU
		{EC2E8B12-6E81-4E3A-96CC-AC5A678611BA}.Release|Any CPU.Build.0 = Release|Any CPU
	EndGlobalSection
	GlobalSection(SolutionProperties) = preSolution
		HideSolutionNode = FALSE
	EndGlobalSection
	GlobalSection(ExtensibilityGlobals) = postSolution
		SolutionGuid = {7EFBE9FC-D08B-49E7-A383-A7746C6C9FFA}
	EndGlobalSection
EndGlobal
